
Microsoft Visual Studio Solution File, Format Version 12.00
# Visual Studio Version 17
VisualStudioVersion = 17.5.002.0
MinimumVisualStudioVersion = 10.0.40219.1
Project("{9A19103F-16F7-4668-BE54-9A1E7A4F7556}") = "MyConsoleApp", "MyConsoleApp\MyConsoleApp.csproj", "{A5B1BCB3-07DD-473E-8983-5ACA905C8DA4}"
EndProject
Global
	GlobalSection(SolutionConfigurationPlatforms) = preSolution
		Debug|Any CPU = Debug|Any CPU
		Release|Any CPU = Release|Any CPU
	EndGlobalSection
	GlobalSection(ProjectConfigurationPlatforms) = postSolution
		{A5B1BCB3-07DD-473E-8983-5ACA905C8DA4}.Debug|Any CPU.ActiveCfg = Debug|Any CPU
		{A5B1BCB3-07DD-473E-8983-5ACA905C8DA4}.Debug|Any CPU.Build.0 = Debug|Any CPU
		{A5B1BCB3-07DD-473E-8983-5ACA905C8DA4}.Release|Any CPU.ActiveCfg = Release|Any CPU
		{A5B1BCB3-07DD-473E-8983-5ACA905C8DA4}.Release|Any CPU.Build.0 = Release|Any CPU
	EndGlobalSection
	GlobalSection(SolutionProperties) = preSolution
		HideSolutionNode = FALSE
	EndGlobalSection
	GlobalSection(ExtensibilityGlobals) = postSolution
		SolutionGuid = {B6B81BFA-5835-4DA1-839E-10BFBEFC3BCD}
	EndGlobalSection
EndGlobal
